// !$*UTF8*$!
{
	archiveVersion = 1;
	classes = {
	};
	objectVersion = 56;
	objects = {

/* Begin PBXBuildFile section */
		C1829C80292D083600A5EA59 /* QatarChallenge Watch App.app in Embed Watch Content */ = {isa = PBXBuildFile; fileRef = C1829C7F292D083600A5EA59 /* QatarChallenge Watch App.app */; settings = {ATTRIBUTES = (RemoveHeadersOnCopy, ); }; };
		C1829C85292D083600A5EA59 /* QatarChallengeApp.swift in Sources */ = {isa = PBXBuildFile; fileRef = C1829C84292D083600A5EA59 /* QatarChallengeApp.swift */; };
		C1829C87292D083600A5EA59 /* ContentView.swift in Sources */ = {isa = PBXBuildFile; fileRef = C1829C86292D083600A5EA59 /* ContentView.swift */; };
		C1829C89292D083700A5EA59 /* Assets.xcassets in Resources */ = {isa = PBXBuildFile; fileRef = C1829C88292D083700A5EA59 /* Assets.xcassets */; };
		C1829C8C292D083700A5EA59 /* Preview Assets.xcassets in Resources */ = {isa = PBXBuildFile; fileRef = C1829C8B292D083700A5EA59 /* Preview Assets.xcassets */; };
		C1829C97292F952500A5EA59 /* ExercisesView.swift in Sources */ = {isa = PBXBuildFile; fileRef = C1829C96292F952500A5EA59 /* ExercisesView.swift */; };
		EC3D68E9292F952A00F76450 /* homeView.swift in Sources */ = {isa = PBXBuildFile; fileRef = EC3D68E8292F952A00F76450 /* homeView.swift */; };
		EC3D68EB292F98E300F76450 /* doneView.swift in Sources */ = {isa = PBXBuildFile; fileRef = EC3D68EA292F98E300F76450 /* doneView.swift */; };
		EC3D68ED292F9A7900F76450 /* concludedHomeView.swift in Sources */ = {isa = PBXBuildFile; fileRef = EC3D68EC292F9A7900F76450 /* concludedHomeView.swift */; };
		ECD8A1A22930EB4B00F25C5D /* onboardingView.swift in Sources */ = {isa = PBXBuildFile; fileRef = ECD8A1A12930EB4B00F25C5D /* onboardingView.swift */; };
		ECD8A1A42930EC0000F25C5D /* OnboardingPageView.swift in Sources */ = {isa = PBXBuildFile; fileRef = ECD8A1A32930EC0000F25C5D /* OnboardingPageView.swift */; };
/* End PBXBuildFile section */

/* Begin PBXContainerItemProxy section */
		C1829C81292D083600A5EA59 /* PBXContainerItemProxy */ = {
			isa = PBXContainerItemProxy;
			containerPortal = C1829C73292D083600A5EA59 /* Project object */;
			proxyType = 1;
			remoteGlobalIDString = C1829C7E292D083600A5EA59;
			remoteInfo = "QatarChallenge Watch App";
		};
/* End PBXContainerItemProxy section */

/* Begin PBXCopyFilesBuildPhase section */
		C1829C92292D083700A5EA59 /* Embed Watch Content */ = {
			isa = PBXCopyFilesBuildPhase;
			buildActionMask = 2147483647;
			dstPath = "$(CONTENTS_FOLDER_PATH)/Watch";
			dstSubfolderSpec = 16;
			files = (
				C1829C80292D083600A5EA59 /* QatarChallenge Watch App.app in Embed Watch Content */,
			);
			name = "Embed Watch Content";
			runOnlyForDeploymentPostprocessing = 0;
		};
/* End PBXCopyFilesBuildPhase section */

/* Begin PBXFileReference section */
		C1829C79292D083600A5EA59 /* QatarChallenge.app */ = {isa = PBXFileReference; explicitFileType = wrapper.application; includeInIndex = 0; path = QatarChallenge.app; sourceTree = BUILT_PRODUCTS_DIR; };
		C1829C7F292D083600A5EA59 /* QatarChallenge Watch App.app */ = {isa = PBXFileReference; explicitFileType = wrapper.application; includeInIndex = 0; path = "QatarChallenge Watch App.app"; sourceTree = BUILT_PRODUCTS_DIR; };
		C1829C84292D083600A5EA59 /* QatarChallengeApp.swift */ = {isa = PBXFileReference; lastKnownFileType = sourcecode.swift; path = QatarChallengeApp.swift; sourceTree = "<group>"; };
		C1829C86292D083600A5EA59 /* ContentView.swift */ = {isa = PBXFileReference; lastKnownFileType = sourcecode.swift; path = ContentView.swift; sourceTree = "<group>"; };
		C1829C88292D083700A5EA59 /* Assets.xcassets */ = {isa = PBXFileReference; lastKnownFileType = folder.assetcatalog; path = Assets.xcassets; sourceTree = "<group>"; };
		C1829C8B292D083700A5EA59 /* Preview Assets.xcassets */ = {isa = PBXFileReference; lastKnownFileType = folder.assetcatalog; path = "Preview Assets.xcassets"; sourceTree = "<group>"; };
		C1829C96292F952500A5EA59 /* ExercisesView.swift */ = {isa = PBXFileReference; lastKnownFileType = sourcecode.swift; path = ExercisesView.swift; sourceTree = "<group>"; };
		EC3D68E8292F952A00F76450 /* homeView.swift */ = {isa = PBXFileReference; lastKnownFileType = sourcecode.swift; path = homeView.swift; sourceTree = "<group>"; };
		EC3D68EA292F98E300F76450 /* doneView.swift */ = {isa = PBXFileReference; lastKnownFileType = sourcecode.swift; path = doneView.swift; sourceTree = "<group>"; };
		EC3D68EC292F9A7900F76450 /* concludedHomeView.swift */ = {isa = PBXFileReference; lastKnownFileType = sourcecode.swift; path = concludedHomeView.swift; sourceTree = "<group>"; };
		ECD8A1A12930EB4B00F25C5D /* onboardingView.swift */ = {isa = PBXFileReference; lastKnownFileType = sourcecode.swift; path = onboardingView.swift; sourceTree = "<group>"; };
		ECD8A1A32930EC0000F25C5D /* OnboardingPageView.swift */ = {isa = PBXFileReference; lastKnownFileType = sourcecode.swift; path = OnboardingPageView.swift; sourceTree = "<group>"; };
/* End PBXFileReference section */

/* Begin PBXFrameworksBuildPhase section */
		C1829C7C292D083600A5EA59 /* Frameworks */ = {
			isa = PBXFrameworksBuildPhase;
			buildActionMask = 2147483647;
			files = (
			);
			runOnlyForDeploymentPostprocessing = 0;
		};
/* End PBXFrameworksBuildPhase section */

/* Begin PBXGroup section */
		C1829C72292D083600A5EA59 = {
			isa = PBXGroup;
			children = (
				C1829C83292D083600A5EA59 /* QatarChallenge Watch App */,
				C1829C7A292D083600A5EA59 /* Products */,
			);
			sourceTree = "<group>";
		};
		C1829C7A292D083600A5EA59 /* Products */ = {
			isa = PBXGroup;
			children = (
				C1829C79292D083600A5EA59 /* QatarChallenge.app */,
				C1829C7F292D083600A5EA59 /* QatarChallenge Watch App.app */,
			);
			name = Products;
			sourceTree = "<group>";
		};
		C1829C83292D083600A5EA59 /* QatarChallenge Watch App */ = {
			isa = PBXGroup;
			children = (
				C1829C84292D083600A5EA59 /* QatarChallengeApp.swift */,
				ECD8A1A12930EB4B00F25C5D /* onboardingView.swift */,
				ECD8A1A32930EC0000F25C5D /* OnboardingPageView.swift */,
				C1829C96292F952500A5EA59 /* ExercisesView.swift */,
				C1829C86292D083600A5EA59 /* ContentView.swift */,
				EC3D68E8292F952A00F76450 /* homeView.swift */,
				EC3D68EA292F98E300F76450 /* doneView.swift */,
				EC3D68EC292F9A7900F76450 /* concludedHomeView.swift */,
				C1829C88292D083700A5EA59 /* Assets.xcassets */,
				C1829C8A292D083700A5EA59 /* Preview Content */,
			);
			path = "QatarChallenge Watch App";
			sourceTree = "<group>";
		};
		C1829C8A292D083700A5EA59 /* Preview Content */ = {
			isa = PBXGroup;
			children = (
				C1829C8B292D083700A5EA59 /* Preview Assets.xcassets */,
			);
			path = "Preview Content";
			sourceTree = "<group>";
		};
/* End PBXGroup section */

/* Begin PBXNativeTarget section */
		C1829C78292D083600A5EA59 /* QatarChallenge */ = {
			isa = PBXNativeTarget;
			buildConfigurationList = C1829C93292D083700A5EA59 /* Build configuration list for PBXNativeTarget "QatarChallenge" */;
			buildPhases = (
				C1829C77292D083600A5EA59 /* Resources */,
				C1829C92292D083700A5EA59 /* Embed Watch Content */,
			);
			buildRules = (
			);
			dependencies = (
				C1829C82292D083600A5EA59 /* PBXTargetDependency */,
			);
			name = QatarChallenge;
			productName = QatarChallenge;
			productReference = C1829C79292D083600A5EA59 /* QatarChallenge.app */;
			productType = "com.apple.product-type.application.watchapp2-container";
		};
		C1829C7E292D083600A5EA59 /* QatarChallenge Watch App */ = {
			isa = PBXNativeTarget;
			buildConfigurationList = C1829C8F292D083700A5EA59 /* Build configuration list for PBXNativeTarget "QatarChallenge Watch App" */;
			buildPhases = (
				C1829C7B292D083600A5EA59 /* Sources */,
				C1829C7C292D083600A5EA59 /* Frameworks */,
				C1829C7D292D083600A5EA59 /* Resources */,
			);
			buildRules = (
			);
			dependencies = (
			);
			name = "QatarChallenge Watch App";
			productName = "QatarChallenge Watch App";
			productReference = C1829C7F292D083600A5EA59 /* QatarChallenge Watch App.app */;
			productType = "com.apple.product-type.application";
		};
/* End PBXNativeTarget section */

/* Begin PBXProject section */
		C1829C73292D083600A5EA59 /* Project object */ = {
			isa = PBXProject;
			attributes = {
				BuildIndependentTargetsInParallel = 1;
				LastSwiftUpdateCheck = 1400;
				LastUpgradeCheck = 1400;
				TargetAttributes = {
					C1829C78292D083600A5EA59 = {
						CreatedOnToolsVersion = 14.0;
					};
					C1829C7E292D083600A5EA59 = {
						CreatedOnToolsVersion = 14.0;
					};
				};
			};
			buildConfigurationList = C1829C76292D083600A5EA59 /* Build configuration list for PBXProject "QatarChallenge" */;
			compatibilityVersion = "Xcode 14.0";
			developmentRegion = en;
			hasScannedForEncodings = 0;
			knownRegions = (
				en,
				Base,
			);
			mainGroup = C1829C72292D083600A5EA59;
			productRefGroup = C1829C7A292D083600A5EA59 /* Products */;
			projectDirPath = "";
			projectRoot = "";
			targets = (
				C1829C78292D083600A5EA59 /* QatarChallenge */,
				C1829C7E292D083600A5EA59 /* QatarChallenge Watch App */,
			);
		};
/* End PBXProject section */

/* Begin PBXResourcesBuildPhase section */
		C1829C77292D083600A5EA59 /* Resources */ = {
			isa = PBXResourcesBuildPhase;
			buildActionMask = 2147483647;
			files = (
			);
			runOnlyForDeploymentPostprocessing = 0;
		};
		C1829C7D292D083600A5EA59 /* Resources */ = {
			isa = PBXResourcesBuildPhase;
			buildActionMask = 2147483647;
			files = (
				C1829C8C292D083700A5EA59 /* Preview Assets.xcassets in Resources */,
				C1829C89292D083700A5EA59 /* Assets.xcassets in Resources */,
			);
			runOnlyForDeploymentPostprocessing = 0;
		};
/* End PBXResourcesBuildPhase section */

/* Begin PBXSourcesBuildPhase section */
		C1829C7B292D083600A5EA59 /* Sources */ = {
			isa = PBXSourcesBuildPhase;
			buildActionMask = 2147483647;
			files = (
				C1829C97292F952500A5EA59 /* ExercisesView.swift in Sources */,
				C1829C87292D083600A5EA59 /* ContentView.swift in Sources */,
				ECD8A1A22930EB4B00F25C5D /* onboardingView.swift in Sources */,
				EC3D68ED292F9A7900F76450 /* concludedHomeView.swift in Sources */,
				C1829C85292D083600A5EA59 /* QatarChallengeApp.swift in Sources */,
				EC3D68EB292F98E300F76450 /* doneView.swift in Sources */,
				ECD8A1A42930EC0000F25C5D /* OnboardingPageView.swift in Sources */,
				EC3D68E9292F952A00F76450 /* homeView.swift in Sources */,
			);
			runOnlyForDeploymentPostprocessing = 0;
		};
/* End PBXSourcesBuildPhase section */

/* Begin PBXTargetDependency section */
		C1829C82292D083600A5EA59 /* PBXTargetDependency */ = {
			isa = PBXTargetDependency;
			target = C1829C7E292D083600A5EA59 /* QatarChallenge Watch App */;
			targetProxy = C1829C81292D083600A5EA59 /* PBXContainerItemProxy */;
		};
/* End PBXTargetDependency section */

/* Begin XCBuildConfiguration section */
		C1829C8D292D083700A5EA59 /* Debug */ = {
			isa = XCBuildConfiguration;
			buildSettings = {
				ALWAYS_SEARCH_USER_PATHS = NO;
				CLANG_ANALYZER_NONNULL = YES;
				CLANG_ANALYZER_NUMBER_OBJECT_CONVERSION = YES_AGGRESSIVE;
				CLANG_CXX_LANGUAGE_STANDARD = "gnu++20";
				CLANG_ENABLE_MODULES = YES;
				CLANG_ENABLE_OBJC_ARC = YES;
				CLANG_ENABLE_OBJC_WEAK = YES;
				CLANG_WARN_BLOCK_CAPTURE_AUTORELEASING = YES;
				CLANG_WARN_BOOL_CONVERSION = YES;
				CLANG_WARN_COMMA = YES;
				CLANG_WARN_CONSTANT_CONVERSION = YES;
				CLANG_WARN_DEPRECATED_OBJC_IMPLEMENTATIONS = YES;
				CLANG_WARN_DIRECT_OBJC_ISA_USAGE = YES_ERROR;
				CLANG_WARN_DOCUMENTATION_COMMENTS = YES;
				CLANG_WARN_EMPTY_BODY = YES;
				CLANG_WARN_ENUM_CONVERSION = YES;
				CLANG_WARN_INFINITE_RECURSION = YES;
				CLANG_WARN_INT_CONVERSION = YES;
				CLANG_WARN_NON_LITERAL_NULL_CONVERSION = YES;
				CLANG_WARN_OBJC_IMPLICIT_RETAIN_SELF = YES;
				CLANG_WARN_OBJC_LITERAL_CONVERSION = YES;
				CLANG_WARN_OBJC_ROOT_CLASS = YES_ERROR;
				CLANG_WARN_QUOTED_INCLUDE_IN_FRAMEWORK_HEADER = YES;
				CLANG_WARN_RANGE_LOOP_ANALYSIS = YES;
				CLANG_WARN_STRICT_PROTOTYPES = YES;
				CLANG_WARN_SUSPICIOUS_MOVE = YES;
				CLANG_WARN_UNGUARDED_AVAILABILITY = YES_AGGRESSIVE;
				CLANG_WARN_UNREACHABLE_CODE = YES;
				CLANG_WARN__DUPLICATE_METHOD_MATCH = YES;
				COPY_PHASE_STRIP = NO;
				DEBUG_INFORMATION_FORMAT = dwarf;
				ENABLE_STRICT_OBJC_MSGSEND = YES;
				ENABLE_TESTABILITY = YES;
				GCC_C_LANGUAGE_STANDARD = gnu11;
				GCC_DYNAMIC_NO_PIC = NO;
				GCC_NO_COMMON_BLOCKS = YES;
				GCC_OPTIMIZATION_LEVEL = 0;
				GCC_PREPROCESSOR_DEFINITIONS = (
					"DEBUG=1",
					"$(inherited)",
				);
				GCC_WARN_64_TO_32_BIT_CONVERSION = YES;
				GCC_WARN_ABOUT_RETURN_TYPE = YES_ERROR;
				GCC_WARN_UNDECLARED_SELECTOR = YES;
				GCC_WARN_UNINITIALIZED_AUTOS = YES_AGGRESSIVE;
				GCC_WARN_UNUSED_FUNCTION = YES;
				GCC_WARN_UNUSED_VARIABLE = YES;
				MTL_ENABLE_DEBUG_INFO = INCLUDE_SOURCE;
				MTL_FAST_MATH = YES;
				ONLY_ACTIVE_ARCH = YES;
				SWIFT_ACTIVE_COMPILATION_CONDITIONS = DEBUG;
				SWIFT_OPTIMIZATION_LEVEL = "-Onone";
			};
			name = Debug;
		};
		C1829C8E292D083700A5EA59 /* Release */ = {
			isa = XCBuildConfiguration;
			buildSettings = {
				ALWAYS_SEARCH_USER_PATHS = NO;
				CLANG_ANALYZER_NONNULL = YES;
				CLANG_ANALYZER_NUMBER_OBJECT_CONVERSION = YES_AGGRESSIVE;
				CLANG_CXX_LANGUAGE_STANDARD = "gnu++20";
				CLANG_ENABLE_MODULES = YES;
				CLANG_ENABLE_OBJC_ARC = YES;
				CLANG_ENABLE_OBJC_WEAK = YES;
				CLANG_WARN_BLOCK_CAPTURE_AUTORELEASING = YES;
				CLANG_WARN_BOOL_CONVERSION = YES;
				CLANG_WARN_COMMA = YES;
				CLANG_WARN_CONSTANT_CONVERSION = YES;
				CLANG_WARN_DEPRECATED_OBJC_IMPLEMENTATIONS = YES;
				CLANG_WARN_DIRECT_OBJC_ISA_USAGE = YES_ERROR;
				CLANG_WARN_DOCUMENTATION_COMMENTS = YES;
				CLANG_WARN_EMPTY_BODY = YES;
				CLANG_WARN_ENUM_CONVERSION = YES;
				CLANG_WARN_INFINITE_RECURSION = YES;
				CLANG_WARN_INT_CONVERSION = YES;
				CLANG_WARN_NON_LITERAL_NULL_CONVERSION = YES;
				CLANG_WARN_OBJC_IMPLICIT_RETAIN_SELF = YES;
				CLANG_WARN_OBJC_LITERAL_CONVERSION = YES;
				CLANG_WARN_OBJC_ROOT_CLASS = YES_ERROR;
				CLANG_WARN_QUOTED_INCLUDE_IN_FRAMEWORK_HEADER = YES;
				CLANG_WARN_RANGE_LOOP_ANALYSIS = YES;
				CLANG_WARN_STRICT_PROTOTYPES = YES;
				CLANG_WARN_SUSPICIOUS_MOVE = YES;
				CLANG_WARN_UNGUARDED_AVAILABILITY = YES_AGGRESSIVE;
				CLANG_WARN_UNREACHABLE_CODE = YES;
				CLANG_WARN__DUPLICATE_METHOD_MATCH = YES;
				COPY_PHASE_STRIP = NO;
				DEBUG_INFORMATION_FORMAT = "dwarf-with-dsym";
				ENABLE_NS_ASSERTIONS = NO;
				ENABLE_STRICT_OBJC_MSGSEND = YES;
				GCC_C_LANGUAGE_STANDARD = gnu11;
				GCC_NO_COMMON_BLOCKS = YES;
				GCC_WARN_64_TO_32_BIT_CONVERSION = YES;
				GCC_WARN_ABOUT_RETURN_TYPE = YES_ERROR;
				GCC_WARN_UNDECLARED_SELECTOR = YES;
				GCC_WARN_UNINITIALIZED_AUTOS = YES_AGGRESSIVE;
				GCC_WARN_UNUSED_FUNCTION = YES;
				GCC_WARN_UNUSED_VARIABLE = YES;
				MTL_ENABLE_DEBUG_INFO = NO;
				MTL_FAST_MATH = YES;
				SWIFT_COMPILATION_MODE = wholemodule;
				SWIFT_OPTIMIZATION_LEVEL = "-O";
			};
			name = Release;
		};
		C1829C90292D083700A5EA59 /* Debug */ = {
			isa = XCBuildConfiguration;
			buildSettings = {
				ASSETCATALOG_COMPILER_APPICON_NAME = AppIcon;
				ASSETCATALOG_COMPILER_GLOBAL_ACCENT_COLOR_NAME = AccentColor;
				CODE_SIGN_STYLE = Automatic;
				CURRENT_PROJECT_VERSION = 1;
				DEVELOPMENT_ASSET_PATHS = "\"QatarChallenge Watch App/Preview Content\"";
				DEVELOPMENT_TEAM = V6PZQ5HFRR;
				ENABLE_PREVIEWS = YES;
				GENERATE_INFOPLIST_FILE = YES;
				INFOPLIST_KEY_CFBundleDisplayName = QatarChallenge;
				INFOPLIST_KEY_UISupportedInterfaceOrientations = "UIInterfaceOrientationPortrait UIInterfaceOrientationPortraitUpsideDown";
				INFOPLIST_KEY_WKWatchOnly = YES;
				LD_RUNPATH_SEARCH_PATHS = (
					"$(inherited)",
					"@executable_path/Frameworks",
				);
				MARKETING_VERSION = 1.0;
				PRODUCT_BUNDLE_IDENTIFIER = br.ufpe.cin.academy.QatarChallenge.watchkitapp;
				PRODUCT_NAME = "$(TARGET_NAME)";
				SDKROOT = watchos;
				SKIP_INSTALL = YES;
				SWIFT_EMIT_LOC_STRINGS = YES;
				SWIFT_VERSION = 5.0;
				TARGETED_DEVICE_FAMILY = 4;
				WATCHOS_DEPLOYMENT_TARGET = 9.0;
			};
			name = Debug;
		};
		C1829C91292D083700A5EA59 /* Release */ = {
			isa = XCBuildConfiguration;
			buildSettings = {
				ASSETCATALOG_COMPILER_APPICON_NAME = AppIcon;
				ASSETCATALOG_COMPILER_GLOBAL_ACCENT_COLOR_NAME = AccentColor;
				CODE_SIGN_STYLE = Automatic;
				CURRENT_PROJECT_VERSION = 1;
				DEVELOPMENT_ASSET_PATHS = "\"QatarChallenge Watch App/Preview Content\"";
				DEVELOPMENT_TEAM = V6PZQ5HFRR;
				ENABLE_PREVIEWS = YES;
				GENERATE_INFOPLIST_FILE = YES;
				INFOPLIST_KEY_CFBundleDisplayName = QatarChallenge;
				INFOPLIST_KEY_UISupportedInterfaceOrientations = "UIInterfaceOrientationPortrait UIInterfaceOrientationPortraitUpsideDown";
				INFOPLIST_KEY_WKWatchOnly = YES;
				LD_RUNPATH_SEARCH_PATHS = (
					"$(inherited)",
					"@executable_path/Frameworks",
				);
				MARKETING_VERSION = 1.0;
				PRODUCT_BUNDLE_IDENTIFIER = br.ufpe.cin.academy.QatarChallenge.watchkitapp;
				PRODUCT_NAME = "$(TARGET_NAME)";
				SDKROOT = watchos;
				SKIP_INSTALL = YES;
				SWIFT_EMIT_LOC_STRINGS = YES;
				SWIFT_VERSION = 5.0;
				TARGETED_DEVICE_FAMILY = 4;
				VALIDATE_PRODUCT = YES;
				WATCHOS_DEPLOYMENT_TARGET = 9.0;
			};
			name = Release;
		};
		C1829C94292D083700A5EA59 /* Debug */ = {
			isa = XCBuildConfiguration;
			buildSettings = {
				ALWAYS_EMBED_SWIFT_STANDARD_LIBRARIES = YES;
				CODE_SIGN_STYLE = Automatic;
				CURRENT_PROJECT_VERSION = 1;
				DEVELOPMENT_TEAM = V6PZQ5HFRR;
				INFOPLIST_KEY_CFBundleDisplayName = QatarChallenge;
				MARKETING_VERSION = 1.0;
				PRODUCT_BUNDLE_IDENTIFIER = br.ufpe.cin.academy.QatarChallenge;
				PRODUCT_NAME = "$(TARGET_NAME)";
				SDKROOT = iphoneos;
				SWIFT_VERSION = 5.0;
			};
			name = Debug;
		};
		C1829C95292D083700A5EA59 /* Release */ = {
			isa = XCBuildConfiguration;
			buildSettings = {
				ALWAYS_EMBED_SWIFT_STANDARD_LIBRARIES = YES;
				CODE_SIGN_STYLE = Automatic;
				CURRENT_PROJECT_VERSION = 1;
				DEVELOPMENT_TEAM = V6PZQ5HFRR;
				INFOPLIST_KEY_CFBundleDisplayName = QatarChallenge;
				MARKETING_VERSION = 1.0;
				PRODUCT_BUNDLE_IDENTIFIER = br.ufpe.cin.academy.QatarChallenge;
				PRODUCT_NAME = "$(TARGET_NAME)";
				SDKROOT = iphoneos;
				SWIFT_VERSION = 5.0;
				VALIDATE_PRODUCT = YES;
			};
			name = Release;
		};
/* End XCBuildConfiguration section */

/* Begin XCConfigurationList section */
		C1829C76292D083600A5EA59 /* Build configuration list for PBXProject "QatarChallenge" */ = {
			isa = XCConfigurationList;
			buildConfigurations = (
				C1829C8D292D083700A5EA59 /* Debug */,
				C1829C8E292D083700A5EA59 /* Release */,
			);
			defaultConfigurationIsVisible = 0;
			defaultConfigurationName = Release;
		};
		C1829C8F292D083700A5EA59 /* Build configuration list for PBXNativeTarget "QatarChallenge Watch App" */ = {
			isa = XCConfigurationList;
			buildConfigurations = (
				C1829C90292D083700A5EA59 /* Debug */,
				C1829C91292D083700A5EA59 /* Release */,
			);
			defaultConfigurationIsVisible = 0;
			defaultConfigurationName = Release;
		};
		C1829C93292D083700A5EA59 /* Build configuration list for PBXNativeTarget "QatarChallenge" */ = {
			isa = XCConfigurationList;
			buildConfigurations = (
				C1829C94292D083700A5EA59 /* Debug */,
				C1829C95292D083700A5EA59 /* Release */,
			);
			defaultConfigurationIsVisible = 0;
			defaultConfigurationName = Release;
		};
/* End XCConfigurationList section */
	};
	rootObject = C1829C73292D083600A5EA59 /* Project object */;
}
